
Microsoft Visual Studio Solution File, Format Version 12.00
# Visual Studio 15
VisualStudioVersion = 15.0.28010.2041
MinimumVisualStudioVersion = 10.0.40219.1
Project("{FAE04EC0-301F-11D3-BF4B-00C04F79EFBC}") = "Average of three", "Average of three\Average of three.csproj", "{F823FCAA-6E98-4D7B-9131-355CC45B82F5}"
EndProject
Global
	GlobalSection(SolutionConfigurationPlatforms) = preSolution
		Debug|Any CPU = Debug|Any CPU
		Release|Any CPU = Release|Any CPU
	EndGlobalSection
	GlobalSection(ProjectConfigurationPlatforms) = postSolution
		{F823FCAA-6E98-4D7B-9131-355CC45B82F5}.Debug|Any CPU.ActiveCfg = Debug|Any CPU
		{F823FCAA-6E98-4D7B-9131-355CC45B82F5}.Debug|Any CPU.Build.0 = Debug|Any CPU
		{F823FCAA-6E98-4D7B-9131-355CC45B82F5}.Release|Any CPU.ActiveCfg = Release|Any CPU
		{F823FCAA-6E98-4D7B-9131-355CC45B82F5}.Release|Any CPU.Build.0 = Release|Any CPU
	EndGlobalSection
	GlobalSection(SolutionProperties) = preSolution
		HideSolutionNode = FALSE
	EndGlobalSection
	GlobalSection(ExtensibilityGlobals) = postSolution
		SolutionGuid = {17013589-1181-42AF-A231-0DE64A44E6A6}
	EndGlobalSection
EndGlobal
